
Microsoft Visual Studio Solution File, Format Version 12.00
# Visual Studio Version 17
VisualStudioVersion = 17.2.32526.322
MinimumVisualStudioVersion = 10.0.40219.1
Project("{9A19103F-16F7-4668-BE54-9A1E7A4F7556}") = "SvgIconPropertyEditor", "SvgIconPropertyEditor\SvgIconPropertyEditor.csproj", "{61CEA910-4D97-40B1-BF22-993552CB867B}"
EndProject
Project("{9A19103F-16F7-4668-BE54-9A1E7A4F7556}") = "Umbraco.Cms.10x", "Umbraco.Cms.10x\Umbraco.Cms.10x.csproj", "{7CC3DE62-369A-411F-9DE0-84A964E18080}"
EndProject
Project("{9A19103F-16F7-4668-BE54-9A1E7A4F7556}") = "SvgIconPropertyEditor.Core", "SvgIconPropertyEditor.Core\SvgIconPropertyEditor.Core.csproj", "{C4FCFB9A-1A81-4CAF-B3F5-31F96908FF01}"
EndProject
Project("{9A19103F-16F7-4668-BE54-9A1E7A4F7556}") = "Umbraco.Cms.11x", "Umbraco.Cms.11x\Umbraco.Cms.11x.csproj", "{EBC17426-DB76-4CE0-BF96-E5ED5C8AAAA9}"
EndProject
Global
	GlobalSection(SolutionConfigurationPlatforms) = preSolution
		Debug|Any CPU = Debug|Any CPU
		Release|Any CPU = Release|Any CPU
	EndGlobalSection
	GlobalSection(ProjectConfigurationPlatforms) = postSolution
		{61CEA910-4D97-40B1-BF22-993552CB867B}.Debug|Any CPU.ActiveCfg = Debug|Any CPU
		{61CEA910-4D97-40B1-BF22-993552CB867B}.Debug|Any CPU.Build.0 = Debug|Any CPU
		{61CEA910-4D97-40B1-BF22-993552CB867B}.Release|Any CPU.ActiveCfg = Release|Any CPU
		{61CEA910-4D97-40B1-BF22-993552CB867B}.Release|Any CPU.Build.0 = Release|Any CPU
		{7CC3DE62-369A-411F-9DE0-84A964E18080}.Debug|Any CPU.ActiveCfg = Debug|Any CPU
		{7CC3DE62-369A-411F-9DE0-84A964E18080}.Debug|Any CPU.Build.0 = Debug|Any CPU
		{7CC3DE62-369A-411F-9DE0-84A964E18080}.Release|Any CPU.ActiveCfg = Release|Any CPU
		{7CC3DE62-369A-411F-9DE0-84A964E18080}.Release|Any CPU.Build.0 = Release|Any CPU
		{C4FCFB9A-1A81-4CAF-B3F5-31F96908FF01}.Debug|Any CPU.ActiveCfg = Debug|Any CPU
		{C4FCFB9A-1A81-4CAF-B3F5-31F96908FF01}.Debug|Any CPU.Build.0 = Debug|Any CPU
		{C4FCFB9A-1A81-4CAF-B3F5-31F96908FF01}.Release|Any CPU.ActiveCfg = Release|Any CPU
		{C4FCFB9A-1A81-4CAF-B3F5-31F96908FF01}.Release|Any CPU.Build.0 = Release|Any CPU
		{EBC17426-DB76-4CE0-BF96-E5ED5C8AAAA9}.Debug|Any CPU.ActiveCfg = Debug|Any CPU
		{EBC17426-DB76-4CE0-BF96-E5ED5C8AAAA9}.Debug|Any CPU.Build.0 = Debug|Any CPU
		{EBC17426-DB76-4CE0-BF96-E5ED5C8AAAA9}.Release|Any CPU.ActiveCfg = Release|Any CPU
		{EBC17426-DB76-4CE0-BF96-E5ED5C8AAAA9}.Release|Any CPU.Build.0 = Release|Any CPU
	EndGlobalSection
	GlobalSection(SolutionProperties) = preSolution
		HideSolutionNode = FALSE
	EndGlobalSection
	GlobalSection(ExtensibilityGlobals) = postSolution
		SolutionGuid = {5A882B1C-94AB-42AC-930F-631C28AB35AA}
	EndGlobalSection
EndGlobal
